// !$*UTF8*$!
{
	archiveVersion = 1;
	classes = {
	};
	objectVersion = 77;
	objects = {

/* Begin PBXBuildFile section */
		E113DA5C2D52A43400296F91 /* PromptToXML Extension.appex in Embed Foundation Extensions */ = {isa = PBXBuildFile; fileRef = E113DA5B2D52A43400296F91 /* PromptToXML Extension.appex */; settings = {ATTRIBUTES = (RemoveHeadersOnCopy, ); }; };
		E113DA662D52A43400296F91 /* PromptToXML Extension.appex in Embed Foundation Extensions */ = {isa = PBXBuildFile; fileRef = E113DA652D52A43400296F91 /* PromptToXML Extension.appex */; settings = {ATTRIBUTES = (RemoveHeadersOnCopy, ); }; };
/* End PBXBuildFile section */

/* Begin PBXContainerItemProxy section */
		E113DA5D2D52A43400296F91 /* PBXContainerItemProxy */ = {
			isa = PBXContainerItemProxy;
			containerPortal = E113DA212D52A43300296F91 /* Project object */;
			proxyType = 1;
			remoteGlobalIDString = E113DA5A2D52A43400296F91;
			remoteInfo = "PromptToXML Extension (iOS)";
		};
		E113DA672D52A43400296F91 /* PBXContainerItemProxy */ = {
			isa = PBXContainerItemProxy;
			containerPortal = E113DA212D52A43300296F91 /* Project object */;
			proxyType = 1;
			remoteGlobalIDString = E113DA642D52A43400296F91;
			remoteInfo = "PromptToXML Extension (macOS)";
		};
/* End PBXContainerItemProxy section */

/* Begin PBXCopyFilesBuildPhase section */
		E113DA8F2D52A43400296F91 /* Embed Foundation Extensions */ = {
			isa = PBXCopyFilesBuildPhase;
			buildActionMask = 2147483647;
			dstPath = "";
			dstSubfolderSpec = 13;
			files = (
				E113DA5C2D52A43400296F91 /* PromptToXML Extension.appex in Embed Foundation Extensions */,
			);
			name = "Embed Foundation Extensions";
			runOnlyForDeploymentPostprocessing = 0;
		};
		E113DA992D52A43400296F91 /* Embed Foundation Extensions */ = {
			isa = PBXCopyFilesBuildPhase;
			buildActionMask = 2147483647;
			dstPath = "";
			dstSubfolderSpec = 13;
			files = (
				E113DA662D52A43400296F91 /* PromptToXML Extension.appex in Embed Foundation Extensions */,
			);
			name = "Embed Foundation Extensions";
			runOnlyForDeploymentPostprocessing = 0;
		};
/* End PBXCopyFilesBuildPhase section */

/* Begin PBXFileReference section */
		E113DA3D2D52A43400296F91 /* PromptToXML.app */ = {isa = PBXFileReference; explicitFileType = wrapper.application; includeInIndex = 0; path = PromptToXML.app; sourceTree = BUILT_PRODUCTS_DIR; };
		E113DA4F2D52A43400296F91 /* PromptToXML.app */ = {isa = PBXFileReference; explicitFileType = wrapper.application; includeInIndex = 0; path = PromptToXML.app; sourceTree = BUILT_PRODUCTS_DIR; };
		E113DA5B2D52A43400296F91 /* PromptToXML Extension.appex */ = {isa = PBXFileReference; explicitFileType = "wrapper.app-extension"; includeInIndex = 0; path = "PromptToXML Extension.appex"; sourceTree = BUILT_PRODUCTS_DIR; };
		E113DA652D52A43400296F91 /* PromptToXML Extension.appex */ = {isa = PBXFileReference; explicitFileType = "wrapper.app-extension"; includeInIndex = 0; path = "PromptToXML Extension.appex"; sourceTree = BUILT_PRODUCTS_DIR; };
		E113DAA12D52A4F800296F91 /* instructionsVSCode.md */ = {isa = PBXFileReference; lastKnownFileType = net.daringfireball.markdown; path = instructionsVSCode.md; sourceTree = "<group>"; };
		E113DAA22D52A5C300296F91 /* instructions.md */ = {isa = PBXFileReference; lastKnownFileType = net.daringfireball.markdown; path = instructions.md; sourceTree = "<group>"; };
/* End PBXFileReference section */

/* Begin PBXFileSystemSynchronizedBuildFileExceptionSet section */
		E113DA8A2D52A43400296F91 /* Exceptions for "Shared (App)" folder in "PromptToXML (iOS)" target */ = {
			isa = PBXFileSystemSynchronizedBuildFileExceptionSet;
			membershipExceptions = (
				"/Localized: Resources/Main.html",
				Assets.xcassets,
				Resources/Icon.png,
				Resources/Script.js,
				Resources/Style.css,
				ViewController.swift,
			);
			target = E113DA3C2D52A43400296F91 /* PromptToXML (iOS) */;
		};
		E113DA8E2D52A43400296F91 /* Exceptions for "iOS (Extension)" folder in "PromptToXML Extension (iOS)" target */ = {
			isa = PBXFileSystemSynchronizedBuildFileExceptionSet;
			membershipExceptions = (
				Info.plist,
			);
			target = E113DA5A2D52A43400296F91 /* PromptToXML Extension (iOS) */;
		};
		E113DA932D52A43400296F91 /* Exceptions for "iOS (App)" folder in "PromptToXML (iOS)" target */ = {
			isa = PBXFileSystemSynchronizedBuildFileExceptionSet;
			membershipExceptions = (
				Info.plist,
			);
			target = E113DA3C2D52A43400296F91 /* PromptToXML (iOS) */;
		};
		E113DA942D52A43400296F91 /* Exceptions for "Shared (App)" folder in "PromptToXML (macOS)" target */ = {
			isa = PBXFileSystemSynchronizedBuildFileExceptionSet;
			membershipExceptions = (
				"/Localized: Resources/Main.html",
				Assets.xcassets,
				Resources/Icon.png,
				Resources/Script.js,
				Resources/Style.css,
				ViewController.swift,
			);
			target = E113DA4E2D52A43400296F91 /* PromptToXML (macOS) */;
		};
		E113DA982D52A43400296F91 /* Exceptions for "macOS (Extension)" folder in "PromptToXML Extension (macOS)" target */ = {
			isa = PBXFileSystemSynchronizedBuildFileExceptionSet;
			membershipExceptions = (
				Info.plist,
			);
			target = E113DA642D52A43400296F91 /* PromptToXML Extension (macOS) */;
		};
		E113DA9D2D52A43400296F91 /* Exceptions for "Shared (Extension)" folder in "PromptToXML Extension (iOS)" target */ = {
			isa = PBXFileSystemSynchronizedBuildFileExceptionSet;
			membershipExceptions = (
				Resources/_locales,
				Resources/background.js,
				Resources/content.js,
				Resources/images,
				Resources/manifest.json,
				Resources/popup.css,
				Resources/popup.html,
				Resources/popup.js,
				SafariWebExtensionHandler.swift,
			);
			target = E113DA5A2D52A43400296F91 /* PromptToXML Extension (iOS) */;
		};
		E113DA9E2D52A43400296F91 /* Exceptions for "Shared (Extension)" folder in "PromptToXML Extension (macOS)" target */ = {
			isa = PBXFileSystemSynchronizedBuildFileExceptionSet;
			membershipExceptions = (
				Resources/_locales,
				Resources/background.js,
				Resources/content.js,
				Resources/images,
				Resources/manifest.json,
				Resources/popup.css,
				Resources/popup.html,
				Resources/popup.js,
				SafariWebExtensionHandler.swift,
			);
			target = E113DA642D52A43400296F91 /* PromptToXML Extension (macOS) */;
		};
/* End PBXFileSystemSynchronizedBuildFileExceptionSet section */

/* Begin PBXFileSystemSynchronizedRootGroup section */
		E113DA252D52A43300296F91 /* Shared (App) */ = {
			isa = PBXFileSystemSynchronizedRootGroup;
			exceptions = (
				E113DA8A2D52A43400296F91 /* Exceptions for "Shared (App)" folder in "PromptToXML (iOS)" target */,
				E113DA942D52A43400296F91 /* Exceptions for "Shared (App)" folder in "PromptToXML (macOS)" target */,
			);
			path = "Shared (App)";
			sourceTree = "<group>";
		};
		E113DA2E2D52A43400296F91 /* Shared (Extension) */ = {
			isa = PBXFileSystemSynchronizedRootGroup;
			exceptions = (
				E113DA9D2D52A43400296F91 /* Exceptions for "Shared (Extension)" folder in "PromptToXML Extension (iOS)" target */,
				E113DA9E2D52A43400296F91 /* Exceptions for "Shared (Extension)" folder in "PromptToXML Extension (macOS)" target */,
			);
			explicitFolders = (
				Resources/_locales,
				Resources/images,
			);
			path = "Shared (Extension)";
			sourceTree = "<group>";
		};
		E113DA3F2D52A43400296F91 /* iOS (App) */ = {
			isa = PBXFileSystemSynchronizedRootGroup;
			exceptions = (
				E113DA932D52A43400296F91 /* Exceptions for "iOS (App)" folder in "PromptToXML (iOS)" target */,
			);
			path = "iOS (App)";
			sourceTree = "<group>";
		};
		E113DA502D52A43400296F91 /* macOS (App) */ = {
			isa = PBXFileSystemSynchronizedRootGroup;
			path = "macOS (App)";
			sourceTree = "<group>";
		};
		E113DA5F2D52A43400296F91 /* iOS (Extension) */ = {
			isa = PBXFileSystemSynchronizedRootGroup;
			exceptions = (
				E113DA8E2D52A43400296F91 /* Exceptions for "iOS (Extension)" folder in "PromptToXML Extension (iOS)" target */,
			);
			path = "iOS (Extension)";
			sourceTree = "<group>";
		};
		E113DA692D52A43400296F91 /* macOS (Extension) */ = {
			isa = PBXFileSystemSynchronizedRootGroup;
			exceptions = (
				E113DA982D52A43400296F91 /* Exceptions for "macOS (Extension)" folder in "PromptToXML Extension (macOS)" target */,
			);
			path = "macOS (Extension)";
			sourceTree = "<group>";
		};
/* End PBXFileSystemSynchronizedRootGroup section */

/* Begin PBXFrameworksBuildPhase section */
		E113DA3A2D52A43400296F91 /* Frameworks */ = {
			isa = PBXFrameworksBuildPhase;
			buildActionMask = 2147483647;
			files = (
			);
			runOnlyForDeploymentPostprocessing = 0;
		};
		E113DA4C2D52A43400296F91 /* Frameworks */ = {
			isa = PBXFrameworksBuildPhase;
			buildActionMask = 2147483647;
			files = (
			);
			runOnlyForDeploymentPostprocessing = 0;
		};
		E113DA582D52A43400296F91 /* Frameworks */ = {
			isa = PBXFrameworksBuildPhase;
			buildActionMask = 2147483647;
			files = (
			);
			runOnlyForDeploymentPostprocessing = 0;
		};
		E113DA622D52A43400296F91 /* Frameworks */ = {
			isa = PBXFrameworksBuildPhase;
			buildActionMask = 2147483647;
			files = (
			);
			runOnlyForDeploymentPostprocessing = 0;
		};
/* End PBXFrameworksBuildPhase section */

/* Begin PBXGroup section */
		E113DA202D52A43300296F91 = {
			isa = PBXGroup;
			children = (
				E113DAA22D52A5C300296F91 /* instructions.md */,
				E113DAA12D52A4F800296F91 /* instructionsVSCode.md */,
				E113DA252D52A43300296F91 /* Shared (App) */,
				E113DA2E2D52A43400296F91 /* Shared (Extension) */,
				E113DA3F2D52A43400296F91 /* iOS (App) */,
				E113DA502D52A43400296F91 /* macOS (App) */,
				E113DA5F2D52A43400296F91 /* iOS (Extension) */,
				E113DA692D52A43400296F91 /* macOS (Extension) */,
				E113DA3E2D52A43400296F91 /* Products */,
			);
			sourceTree = "<group>";
		};
		E113DA3E2D52A43400296F91 /* Products */ = {
			isa = PBXGroup;
			children = (
				E113DA3D2D52A43400296F91 /* PromptToXML.app */,
				E113DA4F2D52A43400296F91 /* PromptToXML.app */,
				E113DA5B2D52A43400296F91 /* PromptToXML Extension.appex */,
				E113DA652D52A43400296F91 /* PromptToXML Extension.appex */,
			);
			name = Products;
			sourceTree = "<group>";
		};
/* End PBXGroup section */

/* Begin PBXNativeTarget section */
		E113DA3C2D52A43400296F91 /* PromptToXML (iOS) */ = {
			isa = PBXNativeTarget;
			buildConfigurationList = E113DA902D52A43400296F91 /* Build configuration list for PBXNativeTarget "PromptToXML (iOS)" */;
			buildPhases = (
				E113DA392D52A43400296F91 /* Sources */,
				E113DA3A2D52A43400296F91 /* Frameworks */,
				E113DA3B2D52A43400296F91 /* Resources */,
				E113DA8F2D52A43400296F91 /* Embed Foundation Extensions */,
			);
			buildRules = (
			);
			dependencies = (
				E113DA5E2D52A43400296F91 /* PBXTargetDependency */,
			);
			fileSystemSynchronizedGroups = (
				E113DA3F2D52A43400296F91 /* iOS (App) */,
			);
			name = "PromptToXML (iOS)";
			packageProductDependencies = (
			);
			productName = "PromptToXML (iOS)";
			productReference = E113DA3D2D52A43400296F91 /* PromptToXML.app */;
			productType = "com.apple.product-type.application";
		};
		E113DA4E2D52A43400296F91 /* PromptToXML (macOS) */ = {
			isa = PBXNativeTarget;
			buildConfigurationList = E113DA9A2D52A43400296F91 /* Build configuration list for PBXNativeTarget "PromptToXML (macOS)" */;
			buildPhases = (
				E113DA4B2D52A43400296F91 /* Sources */,
				E113DA4C2D52A43400296F91 /* Frameworks */,
				E113DA4D2D52A43400296F91 /* Resources */,
				E113DA992D52A43400296F91 /* Embed Foundation Extensions */,
			);
			buildRules = (
			);
			dependencies = (
				E113DA682D52A43400296F91 /* PBXTargetDependency */,
			);
			fileSystemSynchronizedGroups = (
				E113DA502D52A43400296F91 /* macOS (App) */,
			);
			name = "PromptToXML (macOS)";
			packageProductDependencies = (
			);
			productName = "PromptToXML (macOS)";
			productReference = E113DA4F2D52A43400296F91 /* PromptToXML.app */;
			productType = "com.apple.product-type.application";
		};
		E113DA5A2D52A43400296F91 /* PromptToXML Extension (iOS) */ = {
			isa = PBXNativeTarget;
			buildConfigurationList = E113DA8B2D52A43400296F91 /* Build configuration list for PBXNativeTarget "PromptToXML Extension (iOS)" */;
			buildPhases = (
				E113DA572D52A43400296F91 /* Sources */,
				E113DA582D52A43400296F91 /* Frameworks */,
				E113DA592D52A43400296F91 /* Resources */,
			);
			buildRules = (
			);
			dependencies = (
			);
			fileSystemSynchronizedGroups = (
				E113DA5F2D52A43400296F91 /* iOS (Extension) */,
			);
			name = "PromptToXML Extension (iOS)";
			packageProductDependencies = (
			);
			productName = "PromptToXML Extension (iOS)";
			productReference = E113DA5B2D52A43400296F91 /* PromptToXML Extension.appex */;
			productType = "com.apple.product-type.app-extension";
		};
		E113DA642D52A43400296F91 /* PromptToXML Extension (macOS) */ = {
			isa = PBXNativeTarget;
			buildConfigurationList = E113DA952D52A43400296F91 /* Build configuration list for PBXNativeTarget "PromptToXML Extension (macOS)" */;
			buildPhases = (
				E113DA612D52A43400296F91 /* Sources */,
				E113DA622D52A43400296F91 /* Frameworks */,
				E113DA632D52A43400296F91 /* Resources */,
			);
			buildRules = (
			);
			dependencies = (
			);
			fileSystemSynchronizedGroups = (
				E113DA692D52A43400296F91 /* macOS (Extension) */,
			);
			name = "PromptToXML Extension (macOS)";
			packageProductDependencies = (
			);
			productName = "PromptToXML Extension (macOS)";
			productReference = E113DA652D52A43400296F91 /* PromptToXML Extension.appex */;
			productType = "com.apple.product-type.app-extension";
		};
/* End PBXNativeTarget section */

/* Begin PBXProject section */
		E113DA212D52A43300296F91 /* Project object */ = {
			isa = PBXProject;
			attributes = {
				BuildIndependentTargetsInParallel = 1;
				LastSwiftUpdateCheck = 1620;
				LastUpgradeCheck = 1620;
				TargetAttributes = {
					E113DA3C2D52A43400296F91 = {
						CreatedOnToolsVersion = 16.2;
					};
					E113DA4E2D52A43400296F91 = {
						CreatedOnToolsVersion = 16.2;
					};
					E113DA5A2D52A43400296F91 = {
						CreatedOnToolsVersion = 16.2;
					};
					E113DA642D52A43400296F91 = {
						CreatedOnToolsVersion = 16.2;
					};
				};
			};
			buildConfigurationList = E113DA242D52A43300296F91 /* Build configuration list for PBXProject "PromptToXML" */;
			developmentRegion = en;
			hasScannedForEncodings = 0;
			knownRegions = (
				en,
				Base,
			);
			mainGroup = E113DA202D52A43300296F91;
			minimizedProjectReferenceProxies = 1;
			preferredProjectObjectVersion = 77;
			productRefGroup = E113DA3E2D52A43400296F91 /* Products */;
			projectDirPath = "";
			projectRoot = "";
			targets = (
				E113DA3C2D52A43400296F91 /* PromptToXML (iOS) */,
				E113DA4E2D52A43400296F91 /* PromptToXML (macOS) */,
				E113DA5A2D52A43400296F91 /* PromptToXML Extension (iOS) */,
				E113DA642D52A43400296F91 /* PromptToXML Extension (macOS) */,
			);
		};
/* End PBXProject section */

/* Begin PBXResourcesBuildPhase section */
		E113DA3B2D52A43400296F91 /* Resources */ = {
			isa = PBXResourcesBuildPhase;
			buildActionMask = 2147483647;
			files = (
			);
			runOnlyForDeploymentPostprocessing = 0;
		};
		E113DA4D2D52A43400296F91 /* Resources */ = {
			isa = PBXResourcesBuildPhase;
			buildActionMask = 2147483647;
			files = (
			);
			runOnlyForDeploymentPostprocessing = 0;
		};
		E113DA592D52A43400296F91 /* Resources */ = {
			isa = PBXResourcesBuildPhase;
			buildActionMask = 2147483647;
			files = (
			);
			runOnlyForDeploymentPostprocessing = 0;
		};
		E113DA632D52A43400296F91 /* Resources */ = {
			isa = PBXResourcesBuildPhase;
			buildActionMask = 2147483647;
			files = (
			);
			runOnlyForDeploymentPostprocessing = 0;
		};
/* End PBXResourcesBuildPhase section */

/* Begin PBXSourcesBuildPhase section */
		E113DA392D52A43400296F91 /* Sources */ = {
			isa = PBXSourcesBuildPhase;
			buildActionMask = 2147483647;
			files = (
			);
			runOnlyForDeploymentPostprocessing = 0;
		};
		E113DA4B2D52A43400296F91 /* Sources */ = {
			isa = PBXSourcesBuildPhase;
			buildActionMask = 2147483647;
			files = (
			);
			runOnlyForDeploymentPostprocessing = 0;
		};
		E113DA572D52A43400296F91 /* Sources */ = {
			isa = PBXSourcesBuildPhase;
			buildActionMask = 2147483647;
			files = (
			);
			runOnlyForDeploymentPostprocessing = 0;
		};
		E113DA612D52A43400296F91 /* Sources */ = {
			isa = PBXSourcesBuildPhase;
			buildActionMask = 2147483647;
			files = (
			);
			runOnlyForDeploymentPostprocessing = 0;
		};
/* End PBXSourcesBuildPhase section */

/* Begin PBXTargetDependency section */
		E113DA5E2D52A43400296F91 /* PBXTargetDependency */ = {
			isa = PBXTargetDependency;
			target = E113DA5A2D52A43400296F91 /* PromptToXML Extension (iOS) */;
			targetProxy = E113DA5D2D52A43400296F91 /* PBXContainerItemProxy */;
		};
		E113DA682D52A43400296F91 /* PBXTargetDependency */ = {
			isa = PBXTargetDependency;
			target = E113DA642D52A43400296F91 /* PromptToXML Extension (macOS) */;
			targetProxy = E113DA672D52A43400296F91 /* PBXContainerItemProxy */;
		};
/* End PBXTargetDependency section */

/* Begin XCBuildConfiguration section */
		E113DA8C2D52A43400296F91 /* Debug */ = {
			isa = XCBuildConfiguration;
			buildSettings = {
				CODE_SIGN_STYLE = Automatic;
				CURRENT_PROJECT_VERSION = 1;
				DEVELOPMENT_TEAM = 3B955TDNXW;
				GENERATE_INFOPLIST_FILE = YES;
				INFOPLIST_FILE = "iOS (Extension)/Info.plist";
				INFOPLIST_KEY_CFBundleDisplayName = "PromptToXML Extension";
				INFOPLIST_KEY_NSHumanReadableCopyright = "";
				IPHONEOS_DEPLOYMENT_TARGET = 15.0;
				LD_RUNPATH_SEARCH_PATHS = (
					"$(inherited)",
					"@executable_path/Frameworks",
					"@executable_path/../../Frameworks",
				);
				MARKETING_VERSION = 1.0;
				OTHER_LDFLAGS = (
					"-framework",
					SafariServices,
				);
				PRODUCT_BUNDLE_IDENTIFIER = personal.PromptToXML.Extension;
				PRODUCT_NAME = "PromptToXML Extension";
				SDKROOT = iphoneos;
				SKIP_INSTALL = YES;
				SWIFT_EMIT_LOC_STRINGS = YES;
				SWIFT_VERSION = 5.0;
				TARGETED_DEVICE_FAMILY = "1,2";
			};
			name = Debug;
		};
		E113DA8D2D52A43400296F91 /* Release */ = {
			isa = XCBuildConfiguration;
			buildSettings = {
				CODE_SIGN_STYLE = Automatic;
				CURRENT_PROJECT_VERSION = 1;
				DEVELOPMENT_TEAM = 3B955TDNXW;
				GENERATE_INFOPLIST_FILE = YES;
				INFOPLIST_FILE = "iOS (Extension)/Info.plist";
				INFOPLIST_KEY_CFBundleDisplayName = "PromptToXML Extension";
				INFOPLIST_KEY_NSHumanReadableCopyright = "";
				IPHONEOS_DEPLOYMENT_TARGET = 15.0;
				LD_RUNPATH_SEARCH_PATHS = (
					"$(inherited)",
					"@executable_path/Frameworks",
					"@executable_path/../../Frameworks",
				);
				MARKETING_VERSION = 1.0;
				OTHER_LDFLAGS = (
					"-framework",
					SafariServices,
				);
				PRODUCT_BUNDLE_IDENTIFIER = personal.PromptToXML.Extension;
				PRODUCT_NAME = "PromptToXML Extension";
				SDKROOT = iphoneos;
				SKIP_INSTALL = YES;
				SWIFT_EMIT_LOC_STRINGS = YES;
				SWIFT_VERSION = 5.0;
				TARGETED_DEVICE_FAMILY = "1,2";
				VALIDATE_PRODUCT = YES;
			};
			name = Release;
		};
		E113DA912D52A43400296F91 /* Debug */ = {
			isa = XCBuildConfiguration;
			buildSettings = {
				ASSETCATALOG_COMPILER_APPICON_NAME = AppIcon;
				ASSETCATALOG_COMPILER_GLOBAL_ACCENT_COLOR_NAME = AccentColor;
				CODE_SIGN_STYLE = Automatic;
				CURRENT_PROJECT_VERSION = 1;
				DEVELOPMENT_TEAM = 3B955TDNXW;
				GENERATE_INFOPLIST_FILE = YES;
				INFOPLIST_FILE = "iOS (App)/Info.plist";
				INFOPLIST_KEY_CFBundleDisplayName = PromptToXML;
				INFOPLIST_KEY_UIApplicationSupportsIndirectInputEvents = YES;
				INFOPLIST_KEY_UILaunchStoryboardName = LaunchScreen;
				INFOPLIST_KEY_UIMainStoryboardFile = Main;
				INFOPLIST_KEY_UISupportedInterfaceOrientations = "UIInterfaceOrientationPortrait UIInterfaceOrientationLandscapeLeft UIInterfaceOrientationLandscapeRight";
				INFOPLIST_KEY_UISupportedInterfaceOrientations_iPad = "UIInterfaceOrientationPortrait UIInterfaceOrientationPortraitUpsideDown UIInterfaceOrientationLandscapeLeft UIInterfaceOrientationLandscapeRight";
				IPHONEOS_DEPLOYMENT_TARGET = 15.0;
				LD_RUNPATH_SEARCH_PATHS = (
					"$(inherited)",
					"@executable_path/Frameworks",
				);
				MARKETING_VERSION = 1.0;
				OTHER_LDFLAGS = (
					"-framework",
					SafariServices,
					"-framework",
					WebKit,
				);
				PRODUCT_BUNDLE_IDENTIFIER = personal.PromptToXML;
				PRODUCT_NAME = PromptToXML;
				SDKROOT = iphoneos;
				SWIFT_EMIT_LOC_STRINGS = YES;
				SWIFT_VERSION = 5.0;
				TARGETED_DEVICE_FAMILY = "1,2";
			};
			name = Debug;
		};
		E113DA922D52A43400296F91 /* Release */ = {
			isa = XCBuildConfiguration;
			buildSettings = {
				ASSETCATALOG_COMPILER_APPICON_NAME = AppIcon;
				ASSETCATALOG_COMPILER_GLOBAL_ACCENT_COLOR_NAME = AccentColor;
				CODE_SIGN_STYLE = Automatic;
				CURRENT_PROJECT_VERSION = 1;
				DEVELOPMENT_TEAM = 3B955TDNXW;
				GENERATE_INFOPLIST_FILE = YES;
				INFOPLIST_FILE = "iOS (App)/Info.plist";
				INFOPLIST_KEY_CFBundleDisplayName = PromptToXML;
				INFOPLIST_KEY_UIApplicationSupportsIndirectInputEvents = YES;
				INFOPLIST_KEY_UILaunchStoryboardName = LaunchScreen;
				INFOPLIST_KEY_UIMainStoryboardFile = Main;
				INFOPLIST_KEY_UISupportedInterfaceOrientations = "UIInterfaceOrientationPortrait UIInterfaceOrientationLandscapeLeft UIInterfaceOrientationLandscapeRight";
				INFOPLIST_KEY_UISupportedInterfaceOrientations_iPad = "UIInterfaceOrientationPortrait UIInterfaceOrientationPortraitUpsideDown UIInterfaceOrientationLandscapeLeft UIInterfaceOrientationLandscapeRight";
				IPHONEOS_DEPLOYMENT_TARGET = 15.0;
				LD_RUNPATH_SEARCH_PATHS = (
					"$(inherited)",
					"@executable_path/Frameworks",
				);
				MARKETING_VERSION = 1.0;
				OTHER_LDFLAGS = (
					"-framework",
					SafariServices,
					"-framework",
					WebKit,
				);
				PRODUCT_BUNDLE_IDENTIFIER = personal.PromptToXML;
				PRODUCT_NAME = PromptToXML;
				SDKROOT = iphoneos;
				SWIFT_EMIT_LOC_STRINGS = YES;
				SWIFT_VERSION = 5.0;
				TARGETED_DEVICE_FAMILY = "1,2";
				VALIDATE_PRODUCT = YES;
			};
			name = Release;
		};
		E113DA962D52A43400296F91 /* Debug */ = {
			isa = XCBuildConfiguration;
			buildSettings = {
				CODE_SIGN_ENTITLEMENTS = "macOS (Extension)/PromptToXML.entitlements";
				CODE_SIGN_STYLE = Automatic;
				CURRENT_PROJECT_VERSION = 1;
				DEVELOPMENT_TEAM = 3B955TDNXW;
				ENABLE_HARDENED_RUNTIME = YES;
				GENERATE_INFOPLIST_FILE = YES;
				INFOPLIST_FILE = "macOS (Extension)/Info.plist";
				INFOPLIST_KEY_CFBundleDisplayName = "PromptToXML Extension";
				INFOPLIST_KEY_NSHumanReadableCopyright = "";
				LD_RUNPATH_SEARCH_PATHS = (
					"$(inherited)",
					"@executable_path/../Frameworks",
					"@executable_path/../../../../Frameworks",
				);
				MACOSX_DEPLOYMENT_TARGET = 10.14;
				MARKETING_VERSION = 1.0;
				OTHER_LDFLAGS = (
					"-framework",
					SafariServices,
				);
				PRODUCT_BUNDLE_IDENTIFIER = personal.PromptToXML.Extension;
				PRODUCT_NAME = "PromptToXML Extension";
				SDKROOT = macosx;
				SKIP_INSTALL = YES;
				SWIFT_EMIT_LOC_STRINGS = YES;
				SWIFT_VERSION = 5.0;
			};
			name = Debug;
		};
		E113DA972D52A43400296F91 /* Release */ = {
			isa = XCBuildConfiguration;
			buildSettings = {
				CODE_SIGN_ENTITLEMENTS = "macOS (Extension)/PromptToXML.entitlements";
				CODE_SIGN_STYLE = Automatic;
				CURRENT_PROJECT_VERSION = 1;
				DEVELOPMENT_TEAM = 3B955TDNXW;
				ENABLE_HARDENED_RUNTIME = YES;
				GENERATE_INFOPLIST_FILE = YES;
				INFOPLIST_FILE = "macOS (Extension)/Info.plist";
				INFOPLIST_KEY_CFBundleDisplayName = "PromptToXML Extension";
				INFOPLIST_KEY_NSHumanReadableCopyright = "";
				LD_RUNPATH_SEARCH_PATHS = (
					"$(inherited)",
					"@executable_path/../Frameworks",
					"@executable_path/../../../../Frameworks",
				);
				MACOSX_DEPLOYMENT_TARGET = 10.14;
				MARKETING_VERSION = 1.0;
				OTHER_LDFLAGS = (
					"-framework",
					SafariServices,
				);
				PRODUCT_BUNDLE_IDENTIFIER = personal.PromptToXML.Extension;
				PRODUCT_NAME = "PromptToXML Extension";
				SDKROOT = macosx;
				SKIP_INSTALL = YES;
				SWIFT_EMIT_LOC_STRINGS = YES;
				SWIFT_VERSION = 5.0;
			};
			name = Release;
		};
		E113DA9B2D52A43400296F91 /* Debug */ = {
			isa = XCBuildConfiguration;
			buildSettings = {
				ASSETCATALOG_COMPILER_APPICON_NAME = AppIcon;
				ASSETCATALOG_COMPILER_GLOBAL_ACCENT_COLOR_NAME = AccentColor;
				CODE_SIGN_ENTITLEMENTS = "macOS (App)/PromptToXML.entitlements";
				CODE_SIGN_STYLE = Automatic;
				CURRENT_PROJECT_VERSION = 1;
				DEVELOPMENT_TEAM = 3B955TDNXW;
				ENABLE_HARDENED_RUNTIME = YES;
				GENERATE_INFOPLIST_FILE = YES;
				INFOPLIST_KEY_CFBundleDisplayName = PromptToXML;
				INFOPLIST_KEY_NSMainStoryboardFile = Main;
				INFOPLIST_KEY_NSPrincipalClass = NSApplication;
				LD_RUNPATH_SEARCH_PATHS = (
					"$(inherited)",
					"@executable_path/../Frameworks",
				);
				MACOSX_DEPLOYMENT_TARGET = 10.14;
				MARKETING_VERSION = 1.0;
				OTHER_LDFLAGS = (
					"-framework",
					SafariServices,
					"-framework",
					WebKit,
				);
				PRODUCT_BUNDLE_IDENTIFIER = personal.PromptToXML;
				PRODUCT_NAME = PromptToXML;
				SDKROOT = macosx;
				SWIFT_EMIT_LOC_STRINGS = YES;
				SWIFT_VERSION = 5.0;
			};
			name = Debug;
		};
		E113DA9C2D52A43400296F91 /* Release */ = {
			isa = XCBuildConfiguration;
			buildSettings = {
				ASSETCATALOG_COMPILER_APPICON_NAME = AppIcon;
				ASSETCATALOG_COMPILER_GLOBAL_ACCENT_COLOR_NAME = AccentColor;
				CODE_SIGN_ENTITLEMENTS = "macOS (App)/PromptToXML.entitlements";
				CODE_SIGN_STYLE = Automatic;
				CURRENT_PROJECT_VERSION = 1;
				DEVELOPMENT_TEAM = 3B955TDNXW;
				ENABLE_HARDENED_RUNTIME = YES;
				GENERATE_INFOPLIST_FILE = YES;
				INFOPLIST_KEY_CFBundleDisplayName = PromptToXML;
				INFOPLIST_KEY_NSMainStoryboardFile = Main;
				INFOPLIST_KEY_NSPrincipalClass = NSApplication;
				LD_RUNPATH_SEARCH_PATHS = (
					"$(inherited)",
					"@executable_path/../Frameworks",
				);
				MACOSX_DEPLOYMENT_TARGET = 10.14;
				MARKETING_VERSION = 1.0;
				OTHER_LDFLAGS = (
					"-framework",
					SafariServices,
					"-framework",
					WebKit,
				);
				PRODUCT_BUNDLE_IDENTIFIER = personal.PromptToXML;
				PRODUCT_NAME = PromptToXML;
				SDKROOT = macosx;
				SWIFT_EMIT_LOC_STRINGS = YES;
				SWIFT_VERSION = 5.0;
			};
			name = Release;
		};
		E113DA9F2D52A43400296F91 /* Debug */ = {
			isa = XCBuildConfiguration;
			buildSettings = {
				ALWAYS_SEARCH_USER_PATHS = NO;
				ASSETCATALOG_COMPILER_GENERATE_SWIFT_ASSET_SYMBOL_EXTENSIONS = YES;
				CLANG_ANALYZER_NONNULL = YES;
				CLANG_ANALYZER_NUMBER_OBJECT_CONVERSION = YES_AGGRESSIVE;
				CLANG_CXX_LANGUAGE_STANDARD = "gnu++20";
				CLANG_ENABLE_MODULES = YES;
				CLANG_ENABLE_OBJC_ARC = YES;
				CLANG_ENABLE_OBJC_WEAK = YES;
				CLANG_WARN_BLOCK_CAPTURE_AUTORELEASING = YES;
				CLANG_WARN_BOOL_CONVERSION = YES;
				CLANG_WARN_COMMA = YES;
				CLANG_WARN_CONSTANT_CONVERSION = YES;
				CLANG_WARN_DEPRECATED_OBJC_IMPLEMENTATIONS = YES;
				CLANG_WARN_DIRECT_OBJC_ISA_USAGE = YES_ERROR;
				CLANG_WARN_DOCUMENTATION_COMMENTS = YES;
				CLANG_WARN_EMPTY_BODY = YES;
				CLANG_WARN_ENUM_CONVERSION = YES;
				CLANG_WARN_INFINITE_RECURSION = YES;
				CLANG_WARN_INT_CONVERSION = YES;
				CLANG_WARN_NON_LITERAL_NULL_CONVERSION = YES;
				CLANG_WARN_OBJC_IMPLICIT_RETAIN_SELF = YES;
				CLANG_WARN_OBJC_LITERAL_CONVERSION = YES;
				CLANG_WARN_OBJC_ROOT_CLASS = YES_ERROR;
				CLANG_WARN_QUOTED_INCLUDE_IN_FRAMEWORK_HEADER = YES;
				CLANG_WARN_RANGE_LOOP_ANALYSIS = YES;
				CLANG_WARN_STRICT_PROTOTYPES = YES;
				CLANG_WARN_SUSPICIOUS_MOVE = YES;
				CLANG_WARN_UNGUARDED_AVAILABILITY = YES_AGGRESSIVE;
				CLANG_WARN_UNREACHABLE_CODE = YES;
				CLANG_WARN__DUPLICATE_METHOD_MATCH = YES;
				COPY_PHASE_STRIP = NO;
				DEBUG_INFORMATION_FORMAT = dwarf;
				ENABLE_STRICT_OBJC_MSGSEND = YES;
				ENABLE_TESTABILITY = YES;
				ENABLE_USER_SCRIPT_SANDBOXING = YES;
				GCC_C_LANGUAGE_STANDARD = gnu17;
				GCC_DYNAMIC_NO_PIC = NO;
				GCC_NO_COMMON_BLOCKS = YES;
				GCC_OPTIMIZATION_LEVEL = 0;
				GCC_PREPROCESSOR_DEFINITIONS = (
					"DEBUG=1",
					"$(inherited)",
				);
				GCC_WARN_64_TO_32_BIT_CONVERSION = YES;
				GCC_WARN_ABOUT_RETURN_TYPE = YES_ERROR;
				GCC_WARN_UNDECLARED_SELECTOR = YES;
				GCC_WARN_UNINITIALIZED_AUTOS = YES_AGGRESSIVE;
				GCC_WARN_UNUSED_FUNCTION = YES;
				GCC_WARN_UNUSED_VARIABLE = YES;
				LOCALIZATION_PREFERS_STRING_CATALOGS = YES;
				MTL_ENABLE_DEBUG_INFO = INCLUDE_SOURCE;
				MTL_FAST_MATH = YES;
				ONLY_ACTIVE_ARCH = YES;
				SWIFT_ACTIVE_COMPILATION_CONDITIONS = "DEBUG $(inherited)";
				SWIFT_OPTIMIZATION_LEVEL = "-Onone";
			};
			name = Debug;
		};
		E113DAA02D52A43400296F91 /* Release */ = {
			isa = XCBuildConfiguration;
			buildSettings = {
				ALWAYS_SEARCH_USER_PATHS = NO;
				ASSETCATALOG_COMPILER_GENERATE_SWIFT_ASSET_SYMBOL_EXTENSIONS = YES;
				CLANG_ANALYZER_NONNULL = YES;
				CLANG_ANALYZER_NUMBER_OBJECT_CONVERSION = YES_AGGRESSIVE;
				CLANG_CXX_LANGUAGE_STANDARD = "gnu++20";
				CLANG_ENABLE_MODULES = YES;
				CLANG_ENABLE_OBJC_ARC = YES;
				CLANG_ENABLE_OBJC_WEAK = YES;
				CLANG_WARN_BLOCK_CAPTURE_AUTORELEASING = YES;
				CLANG_WARN_BOOL_CONVERSION = YES;
				CLANG_WARN_COMMA = YES;
				CLANG_WARN_CONSTANT_CONVERSION = YES;
				CLANG_WARN_DEPRECATED_OBJC_IMPLEMENTATIONS = YES;
				CLANG_WARN_DIRECT_OBJC_ISA_USAGE = YES_ERROR;
				CLANG_WARN_DOCUMENTATION_COMMENTS = YES;
				CLANG_WARN_EMPTY_BODY = YES;
				CLANG_WARN_ENUM_CONVERSION = YES;
				CLANG_WARN_INFINITE_RECURSION = YES;
				CLANG_WARN_INT_CONVERSION = YES;
				CLANG_WARN_NON_LITERAL_NULL_CONVERSION = YES;
				CLANG_WARN_OBJC_IMPLICIT_RETAIN_SELF = YES;
				CLANG_WARN_OBJC_LITERAL_CONVERSION = YES;
				CLANG_WARN_OBJC_ROOT_CLASS = YES_ERROR;
				CLANG_WARN_QUOTED_INCLUDE_IN_FRAMEWORK_HEADER = YES;
				CLANG_WARN_RANGE_LOOP_ANALYSIS = YES;
				CLANG_WARN_STRICT_PROTOTYPES = YES;
				CLANG_WARN_SUSPICIOUS_MOVE = YES;
				CLANG_WARN_UNGUARDED_AVAILABILITY = YES_AGGRESSIVE;
				CLANG_WARN_UNREACHABLE_CODE = YES;
				CLANG_WARN__DUPLICATE_METHOD_MATCH = YES;
				COPY_PHASE_STRIP = NO;
				DEBUG_INFORMATION_FORMAT = "dwarf-with-dsym";
				ENABLE_NS_ASSERTIONS = NO;
				ENABLE_STRICT_OBJC_MSGSEND = YES;
				ENABLE_USER_SCRIPT_SANDBOXING = YES;
				GCC_C_LANGUAGE_STANDARD = gnu17;
				GCC_NO_COMMON_BLOCKS = YES;
				GCC_WARN_64_TO_32_BIT_CONVERSION = YES;
				GCC_WARN_ABOUT_RETURN_TYPE = YES_ERROR;
				GCC_WARN_UNDECLARED_SELECTOR = YES;
				GCC_WARN_UNINITIALIZED_AUTOS = YES_AGGRESSIVE;
				GCC_WARN_UNUSED_FUNCTION = YES;
				GCC_WARN_UNUSED_VARIABLE = YES;
				LOCALIZATION_PREFERS_STRING_CATALOGS = YES;
				MTL_ENABLE_DEBUG_INFO = NO;
				MTL_FAST_MATH = YES;
				SWIFT_COMPILATION_MODE = wholemodule;
			};
			name = Release;
		};
/* End XCBuildConfiguration section */

/* Begin XCConfigurationList section */
		E113DA242D52A43300296F91 /* Build configuration list for PBXProject "PromptToXML" */ = {
			isa = XCConfigurationList;
			buildConfigurations = (
				E113DA9F2D52A43400296F91 /* Debug */,
				E113DAA02D52A43400296F91 /* Release */,
			);
			defaultConfigurationIsVisible = 0;
			defaultConfigurationName = Release;
		};
		E113DA8B2D52A43400296F91 /* Build configuration list for PBXNativeTarget "PromptToXML Extension (iOS)" */ = {
			isa = XCConfigurationList;
			buildConfigurations = (
				E113DA8C2D52A43400296F91 /* Debug */,
				E113DA8D2D52A43400296F91 /* Release */,
			);
			defaultConfigurationIsVisible = 0;
			defaultConfigurationName = Release;
		};
		E113DA902D52A43400296F91 /* Build configuration list for PBXNativeTarget "PromptToXML (iOS)" */ = {
			isa = XCConfigurationList;
			buildConfigurations = (
				E113DA912D52A43400296F91 /* Debug */,
				E113DA922D52A43400296F91 /* Release */,
			);
			defaultConfigurationIsVisible = 0;
			defaultConfigurationName = Release;
		};
		E113DA952D52A43400296F91 /* Build configuration list for PBXNativeTarget "PromptToXML Extension (macOS)" */ = {
			isa = XCConfigurationList;
			buildConfigurations = (
				E113DA962D52A43400296F91 /* Debug */,
				E113DA972D52A43400296F91 /* Release */,
			);
			defaultConfigurationIsVisible = 0;
			defaultConfigurationName = Release;
		};
		E113DA9A2D52A43400296F91 /* Build configuration list for PBXNativeTarget "PromptToXML (macOS)" */ = {
			isa = XCConfigurationList;
			buildConfigurations = (
				E113DA9B2D52A43400296F91 /* Debug */,
				E113DA9C2D52A43400296F91 /* Release */,
			);
			defaultConfigurationIsVisible = 0;
			defaultConfigurationName = Release;
		};
/* End XCConfigurationList section */
	};
	rootObject = E113DA212D52A43300296F91 /* Project object */;
}
